<?xml version="1.0" encoding="utf-8"?>
<Project ToolsVersion="4.0" xmlns="http://schemas.microsoft.com/developer/msbuild/2003">
  <ItemGroup>
    <Filter Include="소스 파일">
      <UniqueIdentifier>{4FC737F1-C7A5-4376-A066-2A32D752A2FF}</UniqueIdentifier>
      <Extensions>cpp;c;cc;cxx;def;odl;idl;hpj;bat;asm;asmx</Extensions>
    </Filter>
    <Filter Include="헤더 파일">
      <UniqueIdentifier>{93995380-89BD-4b04-88EB-625FBE52EBFB}</UniqueIdentifier>
      <Extensions>h;hh;hpp;hxx;hm;inl;inc;xsd</Extensions>
    </Filter>
    <Filter Include="리소스 파일">
      <UniqueIdentifier>{67DA6AB6-F800-4c08-8B7A-83BB121AAD01}</UniqueIdentifier>
      <Extensions>rc;ico;cur;bmp;dlg;rc2;rct;bin;rgs;gif;jpg;jpeg;jpe;resx;tiff;tif;png;wav;mfcribbon-ms</Extensions>
    </Filter>
    <Filter Include="소스 파일\Player">
      <UniqueIdentifier>{1adcccd1-2629-4b8e-abcd-13cf6d7b0954}</UniqueIdentifier>
    </Filter>
    <Filter Include="소스 파일\bullet">
      <UniqueIdentifier>{e291f1c2-06f7-46a9-ba10-a783e8983d7d}</UniqueIdentifier>
    </Filter>
    <Filter Include="소스 파일\hand">
      <UniqueIdentifier>{59e1416b-6bf5-4dfe-8201-034a9a282f1e}</UniqueIdentifier>
    </Filter>
  </ItemGroup>
  <ItemGroup>
    <Text Include="ReadMe.txt" />
  </ItemGroup>
  <ItemGroup>
    <ClInclude Include="stdafx.h">
      <Filter>헤더 파일</Filter>
    </ClInclude>
    <ClInclude Include="targetver.h">
      <Filter>헤더 파일</Filter>
    </ClInclude>
    <ClInclude Include="Resource.h">
      <Filter>헤더 파일</Filter>
    </ClInclude>
    <ClInclude Include="DirectX_3D_Game.h">
      <Filter>헤더 파일</Filter>
    </ClInclude>
    <ClInclude Include="cDeviceManager.h">
      <Filter>헤더 파일</Filter>
    </ClInclude>
    <ClInclude Include="cMainGame.h">
      <Filter>헤더 파일</Filter>
    </ClInclude>
    <ClInclude Include="cCamera.h">
      <Filter>헤더 파일</Filter>
    </ClInclude>
    <ClInclude Include="cGrid.h">
      <Filter>헤더 파일</Filter>
    </ClInclude>
    <ClInclude Include="cCube.h">
      <Filter>소스 파일\Player</Filter>
    </ClInclude>
    <ClInclude Include="cCubeMan.h">
      <Filter>소스 파일\Player</Filter>
    </ClInclude>
    <ClInclude Include="cHead.h">
      <Filter>소스 파일\Player</Filter>
    </ClInclude>
    <ClInclude Include="cBody.h">
      <Filter>소스 파일\Player</Filter>
    </ClInclude>
    <ClInclude Include="cLeftTopArm.h">
      <Filter>소스 파일\Player</Filter>
    </ClInclude>
    <ClInclude Include="cLeftBotArm.h">
      <Filter>소스 파일\Player</Filter>
    </ClInclude>
    <ClInclude Include="cRightBotArm.h">
      <Filter>소스 파일\Player</Filter>
    </ClInclude>
    <ClInclude Include="cRightTopArm.h">
      <Filter>소스 파일\Player</Filter>
    </ClInclude>
    <ClInclude Include="cLeftBotLeg.h">
      <Filter>소스 파일\Player</Filter>
    </ClInclude>
    <ClInclude Include="cLeftTopLeg.h">
      <Filter>소스 파일\Player</Filter>
    </ClInclude>
    <ClInclude Include="cRightBotLeg.h">
      <Filter>소스 파일\Player</Filter>
    </ClInclude>
    <ClInclude Include="cRightTopLeg.h">
      <Filter>소스 파일\Player</Filter>
    </ClInclude>
    <ClInclude Include="cState.h">
      <Filter>헤더 파일</Filter>
    </ClInclude>
    <ClInclude Include="cBullet.h">
      <Filter>소스 파일\bullet</Filter>
    </ClInclude>
    <ClInclude Include="cKeyManager.h">
      <Filter>헤더 파일</Filter>
    </ClInclude>
    <ClInclude Include="cHand.h">
      <Filter>소스 파일\hand</Filter>
    </ClInclude>
    <ClInclude Include="cPalm_1.h">
      <Filter>소스 파일\hand</Filter>
    </ClInclude>
    <ClInclude Include="cPalm_2.h">
      <Filter>소스 파일\hand</Filter>
    </ClInclude>
    <ClInclude Include="cPalm_3.h">
      <Filter>소스 파일\hand</Filter>
    </ClInclude>
    <ClInclude Include="cWrist.h">
      <Filter>소스 파일\hand</Filter>
    </ClInclude>
    <ClInclude Include="cFinger_1.h">
      <Filter>소스 파일\hand</Filter>
    </ClInclude>
    <ClInclude Include="cFinger_1_1.h">
      <Filter>헤더 파일</Filter>
    </ClInclude>
    <ClInclude Include="cFinger2.h">
      <Filter>헤더 파일</Filter>
    </ClInclude>
    <ClInclude Include="cFinger2_1.h">
      <Filter>헤더 파일</Filter>
    </ClInclude>
    <ClInclude Include="cFinger2_2.h">
      <Filter>헤더 파일</Filter>
    </ClInclude>
    <ClInclude Include="cFinger3.h">
      <Filter>헤더 파일</Filter>
    </ClInclude>
    <ClInclude Include="cFinger3_1.h">
      <Filter>헤더 파일</Filter>
    </ClInclude>
    <ClInclude Include="cFinger3_2.h">
      <Filter>헤더 파일</Filter>
    </ClInclude>
    <ClInclude Include="cFinger4.h">
      <Filter>헤더 파일</Filter>
    </ClInclude>
    <ClInclude Include="cFinger4_1.h">
      <Filter>헤더 파일</Filter>
    </ClInclude>
    <ClInclude Include="cFinger4_2.h">
      <Filter>헤더 파일</Filter>
    </ClInclude>
    <ClInclude Include="cFinger5.h">
      <Filter>헤더 파일</Filter>
    </ClInclude>
    <ClInclude Include="cFinger5_1.h">
      <Filter>헤더 파일</Filter>
    </ClInclude>
    <ClInclude Include="cFinger5_2.h">
      <Filter>헤더 파일</Filter>
    </ClInclude>
    <ClInclude Include="cLight.h">
      <Filter>헤더 파일</Filter>
    </ClInclude>
    <ClInclude Include="cWall.h">
      <Filter>헤더 파일</Filter>
    </ClInclude>
    <ClInclude Include="cCreatCube.h">
      <Filter>소스 파일</Filter>
    </ClInclude>
  </ItemGroup>
  <ItemGroup>
    <ClCompile Include="stdafx.cpp">
      <Filter>소스 파일</Filter>
    </ClCompile>
    <ClCompile Include="DirectX_3D_Game.cpp">
      <Filter>소스 파일</Filter>
    </ClCompile>
    <ClCompile Include="cDeviceManager.cpp">
      <Filter>소스 파일</Filter>
    </ClCompile>
    <ClCompile Include="cMainGame.cpp">
      <Filter>소스 파일</Filter>
    </ClCompile>
    <ClCompile Include="cCamera.cpp">
      <Filter>소스 파일</Filter>
    </ClCompile>
    <ClCompile Include="cGrid.cpp">
      <Filter>소스 파일</Filter>
    </ClCompile>
    <ClCompile Include="cCube.cpp">
      <Filter>소스 파일\Player</Filter>
    </ClCompile>
    <ClCompile Include="cCubeMan.cpp">
      <Filter>소스 파일\Player</Filter>
    </ClCompile>
    <ClCompile Include="cHead.cpp">
      <Filter>소스 파일\Player</Filter>
    </ClCompile>
    <ClCompile Include="cBody.cpp">
      <Filter>소스 파일\Player</Filter>
    </ClCompile>
    <ClCompile Include="cLeftTopArm.cpp">
      <Filter>소스 파일\Player</Filter>
    </ClCompile>
    <ClCompile Include="cLeftBotArm.cpp">
      <Filter>소스 파일\Player</Filter>
    </ClCompile>
    <ClCompile Include="cRightBotArm.cpp">
      <Filter>소스 파일\Player</Filter>
    </ClCompile>
    <ClCompile Include="cRightTopArm.cpp">
      <Filter>소스 파일\Player</Filter>
    </ClCompile>
    <ClCompile Include="cLeftBotLeg.cpp">
      <Filter>소스 파일\Player</Filter>
    </ClCompile>
    <ClCompile Include="cLeftTopLeg.cpp">
      <Filter>소스 파일\Player</Filter>
    </ClCompile>
    <ClCompile Include="cRightBotLeg.cpp">
      <Filter>소스 파일\Player</Filter>
    </ClCompile>
    <ClCompile Include="cRightTopLeg.cpp">
      <Filter>소스 파일\Player</Filter>
    </ClCompile>
    <ClCompile Include="cState.cpp">
      <Filter>소스 파일</Filter>
    </ClCompile>
    <ClCompile Include="cBullet.cpp">
      <Filter>소스 파일\bullet</Filter>
    </ClCompile>
    <ClCompile Include="cKeyManager.cpp">
      <Filter>소스 파일</Filter>
    </ClCompile>
    <ClCompile Include="cHand.cpp">
      <Filter>소스 파일\hand</Filter>
    </ClCompile>
    <ClCompile Include="cPalm_1.cpp">
      <Filter>소스 파일\hand</Filter>
    </ClCompile>
    <ClCompile Include="cPalm_2.cpp">
      <Filter>소스 파일\hand</Filter>
    </ClCompile>
    <ClCompile Include="cPalm_3.cpp">
      <Filter>소스 파일\hand</Filter>
    </ClCompile>
    <ClCompile Include="cWrist.cpp">
      <Filter>소스 파일\hand</Filter>
    </ClCompile>
    <ClCompile Include="cFinger_1.cpp">
      <Filter>소스 파일\hand</Filter>
    </ClCompile>
    <ClCompile Include="cFinger_1_1.cpp">
      <Filter>소스 파일</Filter>
    </ClCompile>
    <ClCompile Include="cFinger2.cpp">
      <Filter>소스 파일</Filter>
    </ClCompile>
    <ClCompile Include="cFinger2_1.cpp">
      <Filter>소스 파일</Filter>
    </ClCompile>
    <ClCompile Include="cFinger2_2.cpp">
      <Filter>소스 파일</Filter>
    </ClCompile>
    <ClCompile Include="cFinger3.cpp">
      <Filter>소스 파일</Filter>
    </ClCompile>
    <ClCompile Include="cFinger3_1.cpp">
      <Filter>소스 파일</Filter>
    </ClCompile>
    <ClCompile Include="cFinger3_2.cpp">
      <Filter>소스 파일</Filter>
    </ClCompile>
    <ClCompile Include="cFinger4.cpp">
      <Filter>소스 파일</Filter>
    </ClCompile>
    <ClCompile Include="cFinger4_1.cpp">
      <Filter>소스 파일</Filter>
    </ClCompile>
    <ClCompile Include="cFinger4_2.cpp">
      <Filter>소스 파일</Filter>
    </ClCompile>
    <ClCompile Include="cFinger5.cpp">
      <Filter>소스 파일</Filter>
    </ClCompile>
    <ClCompile Include="cFinger5_1.cpp">
      <Filter>소스 파일</Filter>
    </ClCompile>
    <ClCompile Include="cFinger5_2.cpp">
      <Filter>소스 파일</Filter>
    </ClCompile>
    <ClCompile Include="cLight.cpp">
      <Filter>소스 파일</Filter>
    </ClCompile>
    <ClCompile Include="cWall.cpp">
      <Filter>소스 파일</Filter>
    </ClCompile>
    <ClCompile Include="cCreatCube.cpp">
      <Filter>소스 파일</Filter>
    </ClCompile>
  </ItemGroup>
  <ItemGroup>
    <ResourceCompile Include="DirectX_3D_Game.rc">
      <Filter>리소스 파일</Filter>
    </ResourceCompile>
  </ItemGroup>
  <ItemGroup>
    <Image Include="small.ico">
      <Filter>리소스 파일</Filter>
    </Image>
    <Image Include="DirectX_3D_Game.ico">
      <Filter>리소스 파일</Filter>
    </Image>
  </ItemGroup>
</Project>